PODS:
  - Flutter (1.0.0)
  - tinkoff_acquiring_sdk (1.0.3):
    - Flutter
    - TinkoffASDKCore
    - TinkoffASDKUI
  - TinkoffASDKCore (2.6.0)
  - TinkoffASDKUI (2.6.0):
    - TinkoffASDKCore

DEPENDENCIES:
  - Flutter (from `Flutter`)
  - tinkoff_acquiring_sdk (from `.symlinks/plugins/tinkoff_acquiring_sdk/ios`)

SPEC REPOS:
  trunk:
    - TinkoffASDKCore
    - TinkoffASDKUI

EXTERNAL SOURCES:
  Flutter:
    :path: Flutter
  tinkoff_acquiring_sdk:
    :path: ".symlinks/plugins/tinkoff_acquiring_sdk/ios"

SPEC CHECKSUMS:
  Flutter: 50d75fe2f02b26cc09d224853bb45737f8b3214a
  tinkoff_acquiring_sdk: d3b5e09e4c0bbb8d8535da87e7b4faca369011b4
  TinkoffASDKCore: 840e645d65596bb4abe92a0940beaaf9b7a11d31
  TinkoffASDKUI: ee0513c87a84c012ec92cc1d1e063fd458a7ab15

PODFILE CHECKSUM: 7368163408c647b7eb699d0d788ba6718e18fb8d

COCOAPODS: 1.11.2
